
Microsoft Visual Studio Solution File, Format Version 12.00
# Visual Studio Version 16
VisualStudioVersion = 16.0.33027.164
MinimumVisualStudioVersion = 10.0.40219.1
Project("{FAE04EC0-301F-11D3-BF4B-00C04F79EFBC}") = "targil3", "targil3\targil3.csproj", "{8120578C-AA6C-4D58-93C8-11287754C09F}"
EndProject
Global
	GlobalSection(SolutionConfigurationPlatforms) = preSolution
		Debug|Any CPU = Debug|Any CPU
		Release|Any CPU = Release|Any CPU
	EndGlobalSection
	GlobalSection(ProjectConfigurationPlatforms) = postSolution
		{8120578C-AA6C-4D58-93C8-11287754C09F}.Debug|Any CPU.ActiveCfg = Debug|Any CPU
		{8120578C-AA6C-4D58-93C8-11287754C09F}.Debug|Any CPU.Build.0 = Debug|Any CPU
		{8120578C-AA6C-4D58-93C8-11287754C09F}.Release|Any CPU.ActiveCfg = Release|Any CPU
		{8120578C-AA6C-4D58-93C8-11287754C09F}.Release|Any CPU.Build.0 = Release|Any CPU
	EndGlobalSection
	GlobalSection(SolutionProperties) = preSolution
		HideSolutionNode = FALSE
	EndGlobalSection
	GlobalSection(ExtensibilityGlobals) = postSolution
		SolutionGuid = {17048B64-060B-49B1-A021-9A2D26D67B79}
	EndGlobalSection
EndGlobal
